Microsoft Visual Studio Solution File, Format Version 12.00
# Visual Studio Version 17
VisualStudioVersion = 17.5.2.0
MinimumVisualStudioVersion = 10.0.40219.1
Project("{FAE04EC0-301F-11D3-BF4B-00C04F79EFBC}") = "checkout-kata-bright", "checkout-kata-bright.csproj", "{3921C485-B789-16E0-79E6-6E2FBF9917A9}"
EndProject
Project("{FAE04EC0-301F-11D3-BF4B-00C04F79EFBC}") = "checkout-kata-bright.Tests", "checkout-kata-bright.Tests\checkout-kata-bright.Tests.csproj", "{0525B398-5A79-4332-AC7F-806F57F42585}"
EndProject
Global
	GlobalSection(SolutionConfigurationPlatforms) = preSolution
		Debug|Any CPU = Debug|Any CPU
		Release|Any CPU = Release|Any CPU
	EndGlobalSection
	GlobalSection(ProjectConfigurationPlatforms) = postSolution
		{3921C485-B789-16E0-79E6-6E2FBF9917A9}.Debug|Any CPU.ActiveCfg = Debug|Any CPU
		{3921C485-B789-16E0-79E6-6E2FBF9917A9}.Debug|Any CPU.Build.0 = Debug|Any CPU
		{3921C485-B789-16E0-79E6-6E2FBF9917A9}.Release|Any CPU.ActiveCfg = Release|Any CPU
		{3921C485-B789-16E0-79E6-6E2FBF9917A9}.Release|Any CPU.Build.0 = Release|Any CPU
		{0525B398-5A79-4332-AC7F-806F57F42585}.Debug|Any CPU.ActiveCfg = Debug|Any CPU
		{0525B398-5A79-4332-AC7F-806F57F42585}.Debug|Any CPU.Build.0 = Debug|Any CPU
		{0525B398-5A79-4332-AC7F-806F57F42585}.Release|Any CPU.ActiveCfg = Release|Any CPU
		{0525B398-5A79-4332-AC7F-806F57F42585}.Release|Any CPU.Build.0 = Release|Any CPU
	EndGlobalSection
	GlobalSection(SolutionProperties) = preSolution
		HideSolutionNode = FALSE
	EndGlobalSection
	GlobalSection(ExtensibilityGlobals) = postSolution
		SolutionGuid = {109504B8-3AC4-4A81-9239-F9FCCB2E169E}
	EndGlobalSection
EndGlobal
